
Microsoft Visual Studio Solution File, Format Version 12.00
# Visual Studio Version 17
VisualStudioVersion = 17.5.33516.290
MinimumVisualStudioVersion = 10.0.40219.1
Project("{FAE04EC0-301F-11D3-BF4B-00C04F79EFBC}") = "Game of Life", "Game of Life\Game of Life.csproj", "{F3122E60-6745-4382-8F0B-D6778C451802}"
EndProject
Global
	GlobalSection(SolutionConfigurationPlatforms) = preSolution
		Debug|Any CPU = Debug|Any CPU
		Release|Any CPU = Release|Any CPU
	EndGlobalSection
	GlobalSection(ProjectConfigurationPlatforms) = postSolution
		{F3122E60-6745-4382-8F0B-D6778C451802}.Debug|Any CPU.ActiveCfg = Debug|Any CPU
		{F3122E60-6745-4382-8F0B-D6778C451802}.Debug|Any CPU.Build.0 = Debug|Any CPU
		{F3122E60-6745-4382-8F0B-D6778C451802}.Release|Any CPU.ActiveCfg = Release|Any CPU
		{F3122E60-6745-4382-8F0B-D6778C451802}.Release|Any CPU.Build.0 = Release|Any CPU
	EndGlobalSection
	GlobalSection(SolutionProperties) = preSolution
		HideSolutionNode = FALSE
	EndGlobalSection
	GlobalSection(ExtensibilityGlobals) = postSolution
		SolutionGuid = {0D99F1C7-E13C-4ABD-8B4E-7D6F636E4188}
	EndGlobalSection
EndGlobal
